
Microsoft Visual Studio Solution File, Format Version 12.00
# Visual Studio Version 16
VisualStudioVersion = 16.0.29613.14
MinimumVisualStudioVersion = 10.0.40219.1
Project("{FAE04EC0-301F-11D3-BF4B-00C04F79EFBC}") = "GrpcDemo", "GrpcDemo.csproj", "{274983F3-8FF8-4578-B51B-82C5D87EBDBE}"
EndProject
Project("{FAE04EC0-301F-11D3-BF4B-00C04F79EFBC}") = "GrpcClient", "..\GrpcClient\GrpcClient.csproj", "{C41D34F6-F671-4351-AFF2-035BB8004C8E}"
EndProject
Global
	GlobalSection(SolutionConfigurationPlatforms) = preSolution
		Debug|Any CPU = Debug|Any CPU
		Release|Any CPU = Release|Any CPU
	EndGlobalSection
	GlobalSection(ProjectConfigurationPlatforms) = postSolution
		{274983F3-8FF8-4578-B51B-82C5D87EBDBE}.Debug|Any CPU.ActiveCfg = Debug|Any CPU
		{274983F3-8FF8-4578-B51B-82C5D87EBDBE}.Debug|Any CPU.Build.0 = Debug|Any CPU
		{274983F3-8FF8-4578-B51B-82C5D87EBDBE}.Release|Any CPU.ActiveCfg = Release|Any CPU
		{274983F3-8FF8-4578-B51B-82C5D87EBDBE}.Release|Any CPU.Build.0 = Release|Any CPU
		{C41D34F6-F671-4351-AFF2-035BB8004C8E}.Debug|Any CPU.ActiveCfg = Debug|Any CPU
		{C41D34F6-F671-4351-AFF2-035BB8004C8E}.Debug|Any CPU.Build.0 = Debug|Any CPU
		{C41D34F6-F671-4351-AFF2-035BB8004C8E}.Release|Any CPU.ActiveCfg = Release|Any CPU
		{C41D34F6-F671-4351-AFF2-035BB8004C8E}.Release|Any CPU.Build.0 = Release|Any CPU
	EndGlobalSection
	GlobalSection(SolutionProperties) = preSolution
		HideSolutionNode = FALSE
	EndGlobalSection
	GlobalSection(ExtensibilityGlobals) = postSolution
		SolutionGuid = {9B3AF35D-A65B-45CB-B4C7-D7B6CF77FE0B}
	EndGlobalSection
EndGlobal
